
Microsoft Visual Studio Solution File, Format Version 12.00
# Visual Studio Version 17
VisualStudioVersion = 17.9.34607.119
MinimumVisualStudioVersion = 10.0.40219.1
Project("{2150E333-8FDC-42A3-9474-1A3956D46DE8}") = "Core", "Core", "{F9B9A782-A7B0-404B-A0FA-C6676AEEC24F}"
EndProject
Project("{FAE04EC0-301F-11D3-BF4B-00C04F79EFBC}") = "CarBook.Domain", "Core\CarBook.Domain\CarBook.Domain.csproj", "{08C22A2D-DA01-4E48-BBF5-34695335291A}"
EndProject
Global
	GlobalSection(SolutionConfigurationPlatforms) = preSolution
		Debug|Any CPU = Debug|Any CPU
		Release|Any CPU = Release|Any CPU
	EndGlobalSection
	GlobalSection(ProjectConfigurationPlatforms) = postSolution
		{08C22A2D-DA01-4E48-BBF5-34695335291A}.Debug|Any CPU.ActiveCfg = Debug|Any CPU
		{08C22A2D-DA01-4E48-BBF5-34695335291A}.Debug|Any CPU.Build.0 = Debug|Any CPU
		{08C22A2D-DA01-4E48-BBF5-34695335291A}.Release|Any CPU.ActiveCfg = Release|Any CPU
		{08C22A2D-DA01-4E48-BBF5-34695335291A}.Release|Any CPU.Build.0 = Release|Any CPU
	EndGlobalSection
	GlobalSection(SolutionProperties) = preSolution
		HideSolutionNode = FALSE
	EndGlobalSection
	GlobalSection(NestedProjects) = preSolution
		{08C22A2D-DA01-4E48-BBF5-34695335291A} = {F9B9A782-A7B0-404B-A0FA-C6676AEEC24F}
	EndGlobalSection
	GlobalSection(ExtensibilityGlobals) = postSolution
		SolutionGuid = {490DCF1F-C223-46FD-B13B-D87B58D6D2C6}
	EndGlobalSection
EndGlobal
